cloud.google.com/go v0.34.0 h1:eOI3/cP2VTU6uZLDYAoic+eyzzB9YyGmJ7eIjl8rOPg=
cloud.google.com/go v0.34.0/go.mod h1:aQUYkXzVsufM+DwF1aE+0xfcU+56JwCaLick0ClmMTw=
github.com/BurntSushi/toml v0.3.1 h1:WXkYYl6Yr3qBf1K79EBnL4mak0OimBfB0XUf9Vl28OQ=
github.com/BurntSushi/toml v0.3.1/go.mod h1:xHWCNGjB5oqiDr8zfno3MHue2Ht5sIBksp03qcyfWMU=
github.com/davecgh/go-spew v1.1.1 h1:vj9j/u1bqnvCEfJOwUhtlOARqs3+rkHYY13jYWTU97c=
github.com/davecgh/go-spew v1.1.1/go.mod h1:J7Y8YcW2NihsgmVo/mv3lAwl/skON4iLHjSsI+c5H38=
github.com/denisenkom/go-mssqldb v0.0.0-20181014144952-4e0d7dc8888f h1:WH0w/R4Yoey+04HhFxqZ6VX6I0d7RMyw5aXQ9UTvQPs=
github.com/denisenkom/go-mssqldb v0.0.0-20181014144952-4e0d7dc8888f/go.mod h1:xN/JuLBIz4bjkxNmByTiV1IbhfnYb6oo99phBn4Eqhc=
github.com/dgrijalva/jwt-go v3.2.0+incompatible h1:7qlOGliEKZXTDg6OTjfoBKDXWrumCAMpl/TFQ4/5kLM=
github.com/dgrijalva/jwt-go v3.2.0+incompatible/go.mod h1:E3ru+11k8xSBh+hMPgOLZmtrrCbhqsmaPHjLKYnJCaQ=
github.com/erikstmartin/go-testdb v0.0.0-20160219214506-8d10e4a1bae5 h1:Yzb9+7DPaBjB8zlTR87/ElzFsnQfuHnVUVqpZZIcV5Y=
github.com/erikstmartin/go-testdb v0.0.0-20160219214506-8d10e4a1bae5/go.mod h1:a2zkGnVExMxdzMo3M0Hi/3sEU+cWnZpSni0O6/Yb/P0=
github.com/fsnotify/fsnotify v1.4.7 h1:IXs+QLmnXW2CcXuY+8Mzv/fWEsPGWxqefPtCP5CnV9I=
github.com/fsnotify/fsnotify v1.4.7/go.mod h1:jwhsz4b93w/PPRr/qN1Yymfu8t87LnFCMoQvtojpjFo=
github.com/go-redis/cache v6.3.5+incompatible/go.mod h1:XNnMdvlNjcZvHjsscEozHAeOeSE5riG9Fj54meG4WT4=
github.com/go-redis/cache v6.3.6-0.20180907110913-f0317d040a46+incompatible h1:bTWDLWZq1Z+m9vFrAwQzy1lqLauYe4LlhXFArDaFkoE=
github.com/go-redis/cache v6.3.6-0.20180907110913-f0317d040a46+incompatible/go.mod h1:XNnMdvlNjcZvHjsscEozHAeOeSE5riG9Fj54meG4WT4=
github.com/go-redis/redis v6.14.2+incompatible/go.mod h1:NAIEuMOZ/fxfXJIrKDQDz8wamY7mA7PouImQ2Jvg6kA=
github.com/go-redis/redis v6.14.3-0.20181129092103-1d1269e0cf72+incompatible h1:AzlJ8C9lp66aalxnd+sXNO8qe94SSVvFM5I17c/CAi0=
github.com/go-redis/redis v6.14.3-0.20181129092103-1d1269e0cf72+incompatible/go.mod h1:NAIEuMOZ/fxfXJIrKDQDz8wamY7mA7PouImQ2Jvg6kA=
github.com/go-sql-driver/mysql v1.4.1 h1:g24URVg0OFbNUTx9qqY1IRZ9D9z3iPyi5zKhQZpNwpA=
github.com/go-sql-driver/mysql v1.4.1/go.mod h1:zAC/RDZ24gD3HViQzih4MyKcchzm+sOG5ZlKdlhCg5w=
github.com/gofrs/uuid v3.1.0+incompatible h1:q2rtkjaKT4YEr6E1kamy0Ha4RtepWlQBedyHx0uzKwA=
github.com/gofrs/uuid v3.1.0+incompatible/go.mod h1:b2aQJv3Z4Fp6yNu3cdSllBxTCLRxnplIgP/c0N/04lM=
github.com/golang/protobuf v1.2.0 h1:P3YflyNX/ehuJFLhxviNdFxQPkGK5cDcApsge1SqnvM=
github.com/golang/protobuf v1.2.0/go.mod h1:6lQm79b+lXiMfvg/cZm0SGofjICqVBUtrP5yJMmIC1U=
github.com/golang/snappy v0.0.0-20180518054509-2e65f85255db h1:woRePGFeVFfLKN/pOkfl+p/TAqKOfFu+7KPlMVpok/w=
github.com/golang/snappy v0.0.0-20180518054509-2e65f85255db/go.mod h1:/XxbfmMg8lxefKM7IXC3fBNl/7bRcc72aCRzEWrmP2Q=
github.com/google/go-cmp v0.2.0 h1:+dTQ8DZQJz0Mb/HjFlkptS1FeQ4cWSnN941F8aEG4SQ=
github.com/google/go-cmp v0.2.0/go.mod h1:oXzfMopK8JAjlY9xF4vHSVASa0yLyX7SntLO5aqRK0M=
github.com/google/go-querystring v1.0.0 h1:Xkwi/a1rcvNg1PPYe5vI8GbeBY/jrVuDX5ASuANWTrk=
github.com/google/go-querystring v1.0.0/go.mod h1:odCYkC5MyYFN7vkCjXpyrEuKhc/BUO6wN/zVPAxq5ck=
github.com/hpcloud/tail v1.0.0 h1:nfCOvKYfkgYP8hkirhJocXT2+zOD8yUNjXaWfTlyFKI=
github.com/hpcloud/tail v1.0.0/go.mod h1:ab1qPbhIpdTxEkNHXyeSf5vhxWSCs/tWer42PpOxQnU=
github.com/hyacinthus/x v0.0.0-20181216030222-082e01432f95 h1:7mNdtJacGXWgg2wJAA/xVtNfR13PpcMrrMDQHVPhgCA=
github.com/hyacinthus/x v0.0.0-20181216030222-082e01432f95/go.mod h1:7w5Q2bNz+G7BYuEDbhW/ShrVyFicAf4WEDATE6H59N8=
github.com/hyacinthus/x v0.0.0-20181216031543-32a0fe3e3fb9 h1:pliP84cqW68nt063/9kG/5W8vy290R0y4xl83ZAZAbw=
github.com/hyacinthus/x v0.0.0-20181216031543-32a0fe3e3fb9/go.mod h1:7w5Q2bNz+G7BYuEDbhW/ShrVyFicAf4WEDATE6H59N8=
github.com/hyacinthus/x v0.0.0-20181218040359-238641f2a438 h1:Y0Jehroqj+ZpHFiu+u5tebFQ4K8TldpTVTpHDct9pvU=
github.com/hyacinthus/x v0.0.0-20181218040359-238641f2a438/go.mod h1:Ij9KRdRVP9lbVrycuh2RtxbEl9zgNpGwb0IFNQiILgk=
github.com/jinzhu/configor v0.0.0-20180614024415-4edaf76fe188 h1:XFhKsrhg0SBbAGFKWbwK81YkfbNyO2QItYQ05jqbpAU=
github.com/jinzhu/configor v0.0.0-20180614024415-4edaf76fe188/go.mod h1:xycrO0mK6seJRAHXsdyk54QgPJ20aQNpTGi5xv8jQg8=
github.com/jinzhu/gorm v1.9.2 h1:lCvgEaqe/HVE+tjAR2mt4HbbHAZsQOv3XAZiEZV37iw=
github.com/jinzhu/gorm v1.9.2/go.mod h1:Vla75njaFJ8clLU1W44h34PjIkijhjHIYnZxMqCdxqo=
github.com/jinzhu/inflection v0.0.0-20180308033659-04140366298a h1:eeaG9XMUvRBYXJi4pg1ZKM7nxc5AfXfojeLLW7O5J3k=
github.com/jinzhu/inflection v0.0.0-20180308033659-04140366298a/go.mod h1:h+uFLlag+Qp1Va5pdKtLDYj+kHp5pxUVkryuEj+Srlc=
github.com/jinzhu/now v0.0.0-20181116074157-8ec929ed50c3 h1:xvj06l8iSwiWpYgm8MbPp+naBg+pwfqmdXabzqPCn/8=
github.com/jinzhu/now v0.0.0-20181116074157-8ec929ed50c3/go.mod h1:oHTiXerJ20+SfYcrdlBO7rzZRJWGwSTQ0iUY2jI6Gfc=
github.com/joho/godotenv v1.3.0 h1:Zjp+RcGpHhGlrMbJzXTrZZPrWj+1vfm90La1wgB6Bhc=
github.com/joho/godotenv v1.3.0/go.mod h1:7hK45KPybAkOC6peb+G5yklZfMxEjkZhHbwpqxOKXbg=
github.com/konsorten/go-windows-terminal-sequences v1.0.1 h1:mweAR1A6xJ3oS2pRaGiHgQ4OO8tzTaLawm8vnODuwDk=
github.com/konsorten/go-windows-terminal-sequences v1.0.1/go.mod h1:T0+1ngSBFLxvqU3pZ+m/2kptfBszLMUkC4ZK/EgS/cQ=
github.com/kr/pretty v0.1.0 h1:L/CwN0zerZDmRFUapSPitk6f+Q3+0za1rQkzVuMiMFI=
github.com/kr/pretty v0.1.0/go.mod h1:dAy3ld7l9f0ibDNOQOHHMYYIIbhfbHSm3C4ZsoJORNo=
github.com/kr/pty v1.1.1/go.mod h1:pFQYn66WHrOpPYNljwOMqo10TkYh1fy3cYio2l3bCsQ=
github.com/kr/pty v1.1.3/go.mod h1:pFQYn66WHrOpPYNljwOMqo10TkYh1fy3cYio2l3bCsQ=
github.com/kr/text v0.1.0 h1:45sCR5RtlFHMR4UwH9sdQ5TC8v0qDQCHnXt+kaKSTVE=
github.com/kr/text v0.1.0/go.mod h1:4Jbv+DJW3UT/LiOwJeYQe1efqtUx/iVham/4vfdArNI=
github.com/labstack/echo v0.0.0-20181205161348-3f8b45c8d0dd h1:pcKSQYwYK+O0xiKA9+fclJW6nT5jYBnHvkJwY7tRWXU=
github.com/labstack/echo v0.0.0-20181205161348-3f8b45c8d0dd/go.mod h1:rS0D1UPvC8/3sXjhSwEq+K1olh7ipbDhjDWATN2KSgA=
github.com/labstack/gommon v0.2.7 h1:2qOPq/twXDrQ6ooBGrn3mrmVOC+biLlatwgIu8lbzRM=
github.com/labstack/gommon v0.2.7/go.mod h1:/tj9csK2iPSBvn+3NLM9e52usepMtrd5ilFYA+wQNJ4=
github.com/labstack/gommon v0.2.8 h1:JvRqmeZcfrHC5u6uVleB4NxxNbzx6gpbJiQknDbKQu0=
github.com/labstack/gommon v0.2.8/go.mod h1:/tj9csK2iPSBvn+3NLM9e52usepMtrd5ilFYA+wQNJ4=
github.com/lib/pq v1.0.0 h1:X5PMW56eZitiTeO7tKzZxFCSpbFZJtkMMooicw2us9A=
github.com/lib/pq v1.0.0/go.mod h1:5WUZQaWbwv1U+lTReE5YruASi9Al49XbQIvNi/34Woo=
github.com/mattn/go-colorable v0.0.9 h1:UVL0vNpWh04HeJXV0KLcaT7r06gOH2l4OW6ddYRUIY4=
github.com/mattn/go-colorable v0.0.9/go.mod h1:9vuHe8Xs5qXnSaW/c/ABM9alt+Vo+STaOChaDxuIBZU=
github.com/mattn/go-isatty v0.0.4 h1:bnP0vzxcAdeI1zdubAl5PjU6zsERjGZb7raWodagDYs=
github.com/mattn/go-isatty v0.0.4/go.mod h1:M+lRXTBqGeGNdLjl/ufCoiOlB5xdOkqRJdNxMWT7Zi4=
github.com/mattn/go-sqlite3 v1.10.0 h1:jbhqpg7tQe4SupckyijYiy0mJJ/pRyHvXf7JdWK860o=
github.com/mattn/go-sqlite3 v1.10.0/go.mod h1:FPy6KqzDD04eiIsT53CuJW3U88zkxoIYsOqkbpncsNc=
github.com/mozillazg/go-cos v0.10.0 h1:E97pXR3SWREElh6XiHBAeTZ2c53P/bDUD8K4Uz8w78g=
github.com/mozillazg/go-cos v0.10.0/go.mod h1:Zp6DvvXn0RUOXGJ2chmWt2bLEqRAnJnS3DnAZsJsoaE=
github.com/mozillazg/go-cos v0.11.0 h1:PUaIGDL6Jxgrzqg0XvZ6y32jS/5z26+UxnX6ENMm7yE=
github.com/mozillazg/go-cos v0.11.0/go.mod h1:Zp6DvvXn0RUOXGJ2chmWt2bLEqRAnJnS3DnAZsJsoaE=
github.com/mozillazg/go-httpheader v0.2.1 h1:geV7TrjbL8KXSyvghnFm+NyTux/hxwueTSrwhe88TQQ=
github.com/mozillazg/go-httpheader v0.2.1/go.mod h1:jJ8xECTlalr6ValeXYdOF8fFUISeBAdw6E61aqQma60=
github.com/nsqio/go-nsq v1.0.7 h1:O0pIZJYTf+x7cZBA0UMY8WxFG79lYTURmWzAAh48ljY=
github.com/nsqio/go-nsq v1.0.7/go.mod h1:XP5zaUs3pqf+Q71EqUJs3HYfBIqfK6G83WQMdNN+Ito=
github.com/onsi/ginkgo v1.6.0/go.mod h1:lLunBs/Ym6LB5Z9jYTR76FiuTmxDTDusOGeTQH+WWjE=
github.com/onsi/ginkgo v1.7.0 h1:WSHQ+IS43OoUrWtD1/bbclrwK8TTH5hzp+umCiuxHgs=
github.com/onsi/ginkgo v1.7.0/go.mod h1:lLunBs/Ym6LB5Z9jYTR76FiuTmxDTDusOGeTQH+WWjE=
github.com/onsi/gomega v1.4.3 h1:RE1xgDvH7imwFD45h+u2SgIfERHlS2yNG4DObb5BSKU=
github.com/onsi/gomega v1.4.3/go.mod h1:ex+gbHU/CVuBBDIJjb2X0qEXbFg53c61hWP/1CpauHY=
github.com/pmezard/go-difflib v1.0.0 h1:4DBwDE0NGyQoBHbLQYPwSUPoCMWR5BEzIk/f1lZbAQM=
github.com/pmezard/go-difflib v1.0.0/go.mod h1:iKH77koFhYxTK1pcRnkKkqfTogsbg7gZNVY4sRDYZ/4=
github.com/rs/xid v1.2.1 h1:mhH9Nq+C1fY2l1XIpgxIiUOfNpRBYH1kKcr+qfKgjRc=
github.com/rs/xid v1.2.1/go.mod h1:+uKXf+4Djp6Md1KODXJxgGQPKngRmWyn10oCKFzNHOQ=
github.com/sirupsen/logrus v1.2.0 h1:juTguoYk5qI21pwyTXY3B3Y5cOTH3ZUyZCg1v/mihuo=
github.com/sirupsen/logrus v1.2.0/go.mod h1:LxeOpSwHxABJmUn/MG1IvRgCAasNZTLOkJPxbbu5VWo=
github.com/stretchr/objx v0.1.1/go.mod h1:HFkY916IF+rwdDfMAkV7OtwuqBVzrE8GR6GFx+wExME=
github.com/stretchr/testify v1.2.2 h1:bSDNvY7ZPG5RlJ8otE/7V6gMiyenm9RtJ7IUVIAoJ1w=
github.com/stretchr/testify v1.2.2/go.mod h1:a8OnRcib4nhh0OaRAV+Yts87kKdq0PP7pXfy6kDkUVs=
github.com/tencentyun/cos-go-sdk-v5 v0.0.0-20181213100331-bd54f9e1350e h1:m2/vRvHaJzA543Ijdg53NCFzxNQWeqVwIRtdesAT7jA=
github.com/tencentyun/cos-go-sdk-v5 v0.0.0-20181213100331-bd54f9e1350e/go.mod h1:/4BhymH1yO6ljUGQgcKsd7L3W+pdKRxoRiOuoZPLnGg=
github.com/valyala/bytebufferpool v1.0.0 h1:GqA5TC/0021Y/b9FG4Oi9Mr3q7XYx6KllzawFIhcdPw=
github.com/valyala/bytebufferpool v1.0.0/go.mod h1:6bBcMArwyJ5K/AmCkWv1jt77kVWyCJ6HpOuEn7z0Csc=
github.com/valyala/fasttemplate v0.0.0-20170224212429-dcecefd839c4 h1:gKMu1Bf6QINDnvyZuTaACm9ofY+PRh+5vFz4oxBZeF8=
github.com/valyala/fasttemplate v0.0.0-20170224212429-dcecefd839c4/go.mod h1:50wTf68f99/Zt14pr046Tgt3Lp2vLyFZKzbFXTOabXw=
github.com/vmihailenco/msgpack v4.0.1+incompatible h1:RMF1enSPeKTlXrXdOcqjFUElywVZjjC6pqse21bKbEU=
github.com/vmihailenco/msgpack v4.0.1+incompatible/go.mod h1:fy3FlTQTDXWkZ7Bh6AcGMlsjHatGryHQYUTf1ShIgkk=
golang.org/x/crypto v0.0.0-20180904163835-0709b304e793/go.mod h1:6SG95UA2DQfeDnfUPMdvaQW0Q7yPrPDi9nlGo2tz2b4=
golang.org/x/crypto v0.0.0-20181106171534-e4dc69e5b2fd h1:VtIkGDhk0ph3t+THbvXHfMZ8QHgsBO39Nh52+74pq7w=
golang.org/x/crypto v0.0.0-20181106171534-e4dc69e5b2fd/go.mod h1:6SG95UA2DQfeDnfUPMdvaQW0Q7yPrPDi9nlGo2tz2b4=
golang.org/x/crypto v0.0.0-20181203042331-505ab145d0a9 h1:mKdxBk7AujPs8kU4m80U72y/zjbZ3UcXC7dClwKbUI0=
golang.org/x/crypto v0.0.0-20181203042331-505ab145d0a9/go.mod h1:6SG95UA2DQfeDnfUPMdvaQW0Q7yPrPDi9nlGo2tz2b4=
golang.org/x/net v0.0.0-20180724234803-3673e40ba225/go.mod h1:mL1N/T3taQHkDXs73rZJwtUhF3w3ftmwwsq0BUmARs4=
golang.org/x/net v0.0.0-20180906233101-161cd47e91fd/go.mod h1:mL1N/T3taQHkDXs73rZJwtUhF3w3ftmwwsq0BUmARs4=
golang.org/x/net v0.0.0-20181201002055-351d144fa1fc h1:a3CU5tJYVj92DY2LaA1kUkrsqD5/3mLDhx2NcNqyW+0=
golang.org/x/net v0.0.0-20181201002055-351d144fa1fc/go.mod h1:mL1N/T3taQHkDXs73rZJwtUhF3w3ftmwwsq0BUmARs4=
golang.org/x/net v0.0.0-20181213202711-891ebc4b82d6/go.mod h1:mL1N/T3taQHkDXs73rZJwtUhF3w3ftmwwsq0BUmARs4=
golang.org/x/sync v0.0.0-20180314180146-1d60e4601c6f h1:wMNYb4v58l5UBM7MYRLPG6ZhfOqbKu7X5eyFl8ZhKvA=
golang.org/x/sync v0.0.0-20180314180146-1d60e4601c6f/go.mod h1:RxMgew5VJxzue5/jJTE5uejpjVlOe/izrB70Jof72aM=
golang.org/x/sync v0.0.0-20181108010431-42b317875d0f h1:Bl/8QSvNqXvPGPGXa2z5xUTmV7VDcZyvRZ+QQXkXTZQ=
golang.org/x/sync v0.0.0-20181108010431-42b317875d0f/go.mod h1:RxMgew5VJxzue5/jJTE5uejpjVlOe/izrB70Jof72aM=
golang.org/x/sys v0.0.0-20180905080454-ebe1bf3edb33/go.mod h1:STP8DvDyc/dI5b8T5hshtkjS+E42TnysNCUPdjciGhY=
golang.org/x/sys v0.0.0-20180909124046-d0be0721c37e/go.mod h1:STP8DvDyc/dI5b8T5hshtkjS+E42TnysNCUPdjciGhY=
golang.org/x/sys v0.0.0-20181107165924-66b7b1311ac8 h1:YoY1wS6JYVRpIfFngRf2HHo9R9dAne3xbkGOQ5rJXjU=
golang.org/x/sys v0.0.0-20181107165924-66b7b1311ac8/go.mod h1:STP8DvDyc/dI5b8T5hshtkjS+E42TnysNCUPdjciGhY=
golang.org/x/sys v0.0.0-20181206074257-70b957f3b65e h1:njOxP/wVblhCLIUhjHXf6X+dzTt5OQ3vMQo9mkOIKIo=
golang.org/x/sys v0.0.0-20181206074257-70b957f3b65e/go.mod h1:STP8DvDyc/dI5b8T5hshtkjS+E42TnysNCUPdjciGhY=
golang.org/x/sys v0.0.0-20181213200352-4d1cda033e06 h1:0oC8rFnE+74kEmuHZ46F6KHsMr5Gx2gUQPuNz28iQZM=
golang.org/x/sys v0.0.0-20181213200352-4d1cda033e06/go.mod h1:STP8DvDyc/dI5b8T5hshtkjS+E42TnysNCUPdjciGhY=
golang.org/x/text v0.3.0 h1:g61tztE5qeGQ89tm6NTjjM9VPIm088od1l6aSorWRWg=
golang.org/x/text v0.3.0/go.mod h1:NqM8EUOU14njkJ3fqMW+pc6Ldnwhi/IjpwHt7yyuwOQ=
google.golang.org/appengine v1.3.0 h1:FBSsiFRMz3LBeXIomRnVzrQwSDj4ibvcRexLG0LZGQk=
google.golang.org/appengine v1.3.0/go.mod h1:xpcJRLb0r/rnEns0DIKYYv+WjYCduHsrkT7/EB5XEv4=
gopkg.in/check.v1 v0.0.0-20161208181325-20d25e280405/go.mod h1:Co6ibVJAznAaIkqp8huTwlJQCZ016jof/cbN4VW5Yz0=
gopkg.in/check.v1 v1.0.0-20180628173108-788fd7840127 h1:qIbj1fsPNlZgppZ+VLlY7N33q108Sa+fhmuc+sWQYwY=
gopkg.in/check.v1 v1.0.0-20180628173108-788fd7840127/go.mod h1:Co6ibVJAznAaIkqp8huTwlJQCZ016jof/cbN4VW5Yz0=
gopkg.in/fsnotify.v1 v1.4.7 h1:xOHLXZwVvI9hhs+cLKq5+I5onOuwQLhQwiu63xxlHs4=
gopkg.in/fsnotify.v1 v1.4.7/go.mod h1:Tz8NjZHkW78fSQdbUxIjBTcgA1z1m8ZHf0WmKUhAMys=
gopkg.in/tomb.v1 v1.0.0-20141024135613-dd632973f1e7 h1:uRGJdciOHaEIrze2W8Q3AKkepLTh2hOroT7a+7czfdQ=
gopkg.in/tomb.v1 v1.0.0-20141024135613-dd632973f1e7/go.mod h1:dt/ZhP58zS4L8KSrWDmTeBkI65Dw0HsyUHuEVlX15mw=
gopkg.in/yaml.v2 v2.2.1 h1:mUhvW9EsL+naU5Q3cakzfE91YhliOondGd6ZrsDBHQE=
gopkg.in/yaml.v2 v2.2.1/go.mod h1:hI93XBmqTisBFMUTm0b8Fm+jr3Dg1NNxqwp+5A1VGuI=
gopkg.in/yaml.v2 v2.2.2 h1:ZCJp+EgiOT7lHqUV2J862kp8Qj64Jo6az82+3Td9dZw=
gopkg.in/yaml.v2 v2.2.2/go.mod h1:hI93XBmqTisBFMUTm0b8Fm+jr3Dg1NNxqwp+5A1VGuI=
